
Microsoft Visual Studio Solution File, Format Version 12.00
# Visual Studio 2012
Project("{FAE04EC0-301F-11D3-BF4B-00C04F79EFBC}") = "CqrsWebApiSample.Api", "src\CqrsWebApiSample.Api\CqrsWebApiSample.Api.csproj", "{28D5EEB8-8165-46A7-87F9-926FF63FAC95}"
EndProject
Global
	GlobalSection(SolutionConfigurationPlatforms) = preSolution
		Debug|Any CPU = Debug|Any CPU
		Release|Any CPU = Release|Any CPU
	EndGlobalSection
	GlobalSection(ProjectConfigurationPlatforms) = postSolution
		{28D5EEB8-8165-46A7-87F9-926FF63FAC95}.Debug|Any CPU.ActiveCfg = Debug|Any CPU
		{28D5EEB8-8165-46A7-87F9-926FF63FAC95}.Debug|Any CPU.Build.0 = Debug|Any CPU
		{28D5EEB8-8165-46A7-87F9-926FF63FAC95}.Release|Any CPU.ActiveCfg = Release|Any CPU
		{28D5EEB8-8165-46A7-87F9-926FF63FAC95}.Release|Any CPU.Build.0 = Release|Any CPU
	EndGlobalSection
	GlobalSection(SolutionProperties) = preSolution
		HideSolutionNode = FALSE
	EndGlobalSection
EndGlobal
